<Solution>
  <Project Path="src/InsightStreamAI/InsightStreamAI.csproj" />
  <Project Path="src/InsightStreamAI.Domain/InsightStreamAI.Domain.csproj" />
  <Project Path="src/InsightStreamAI.Application/InsightStreamAI.Application.csproj" />
  <Project Path="src/InsightStreamAI.Infrastructure/InsightStreamAI.Infrastructure.csproj" />
</Solution>
